PODS:
  - FBSnapshotTestCase (2.1.4):
    - FBSnapshotTestCase/SwiftSupport (= 2.1.4)
  - FBSnapshotTestCase/Core (2.1.4)
  - FBSnapshotTestCase/SwiftSupport (2.1.4):
    - FBSnapshotTestCase/Core
  - QDAliPaySDK (0.1.2)

DEPENDENCIES:
  - FBSnapshotTestCase
  - QDAliPaySDK (from `../`)

SPEC REPOS:
  https://github.com/cocoapods/specs.git:
    - FBSnapshotTestCase

EXTERNAL SOURCES:
  QDAliPaySDK:
    :path: "../"

SPEC CHECKSUMS:
  FBSnapshotTestCase: 094f9f314decbabe373b87cc339bea235a63e07a
  QDAliPaySDK: 5d6cb6bf7db5c0b0b81db16d57255986d1ed4738

PODFILE CHECKSUM: 7525db2b3308eae85ea495e6428f7a7f72fbff99

COCOAPODS: 1.5.3
